
Microsoft Visual Studio Solution File, Format Version 12.00
# Visual Studio Version 17
VisualStudioVersion = 17.9.34607.119
MinimumVisualStudioVersion = 10.0.40219.1
Project("{FAE04EC0-301F-11D3-BF4B-00C04F79EFBC}") = "SFP_TOOL_CH341", "SFP_TOOL_CH341.csproj", "{30C92A50-696F-43DF-A1A8-D00AEC3B9B67}"
EndProject
Global
	GlobalSection(SolutionConfigurationPlatforms) = preSolution
		Debug|Any CPU = Debug|Any CPU
		Release|Any CPU = Release|Any CPU
	EndGlobalSection
	GlobalSection(ProjectConfigurationPlatforms) = postSolution
		{30C92A50-696F-43DF-A1A8-D00AEC3B9B67}.Debug|Any CPU.ActiveCfg = Debug|Any CPU
		{30C92A50-696F-43DF-A1A8-D00AEC3B9B67}.Debug|Any CPU.Build.0 = Debug|Any CPU
		{30C92A50-696F-43DF-A1A8-D00AEC3B9B67}.Release|Any CPU.ActiveCfg = Release|Any CPU
		{30C92A50-696F-43DF-A1A8-D00AEC3B9B67}.Release|Any CPU.Build.0 = Release|Any CPU
	EndGlobalSection
	GlobalSection(SolutionProperties) = preSolution
		HideSolutionNode = FALSE
	EndGlobalSection
	GlobalSection(ExtensibilityGlobals) = postSolution
		SolutionGuid = {E307D3BB-12CB-487A-AD4E-0E60486B0A90}
	EndGlobalSection
EndGlobal
