<?xml version="1.0" encoding="utf-8"?>
<Project ToolsVersion="4.0" xmlns="http://schemas.microsoft.com/developer/msbuild/2003">
  <ItemGroup>
    <Filter Include="Source Files">
      <UniqueIdentifier>{4FC737F1-C7A5-4376-A066-2A32D752A2FF}</UniqueIdentifier>
      <Extensions>cpp;c;cc;cxx;c++;cppm;ixx;def;odl;idl;hpj;bat;asm;asmx</Extensions>
    </Filter>
    <Filter Include="Header Files">
      <UniqueIdentifier>{93995380-89BD-4b04-88EB-625FBE52EBFB}</UniqueIdentifier>
      <Extensions>h;hh;hpp;hxx;h++;hm;inl;inc;ipp;xsd</Extensions>
    </Filter>
    <Filter Include="Resource Files">
      <UniqueIdentifier>{67DA6AB6-F800-4c08-8B7A-83BB121AAD01}</UniqueIdentifier>
      <Extensions>rc;ico;cur;bmp;dlg;rc2;rct;bin;rgs;gif;jpg;jpeg;jpe;resx;tiff;tif;png;wav;mfcribbon-ms</Extensions>
    </Filter>
  </ItemGroup>
  <ItemGroup>
    <ClCompile Include="MainForm.cpp">
      <Filter>Source Files</Filter>
    </ClCompile>
    <ClCompile Include="C:\Users\smori\OneDrive\ドキュメント\202402TEST\FirstCPPApp\CH341.cpp">
      <Filter>Source Files</Filter>
    </ClCompile>
    <ClCompile Include="C:\Users\smori\OneDrive\ドキュメント\202402TEST\FirstCPPApp\CMIS52.cpp">
      <Filter>Source Files</Filter>
    </ClCompile>
    <ClCompile Include="C:\Users\smori\OneDrive\ドキュメント\202402TEST\FirstCPPApp\sff_common.cpp">
      <Filter>Source Files</Filter>
    </ClCompile>
    <ClCompile Include="C:\Users\smori\OneDrive\ドキュメント\202402TEST\FirstCPPApp\SFF8024.cpp">
      <Filter>Source Files</Filter>
    </ClCompile>
    <ClCompile Include="C:\Users\smori\OneDrive\ドキュメント\202402TEST\FirstCPPApp\SFF8472.cpp">
      <Filter>Source Files</Filter>
    </ClCompile>
    <ClCompile Include="C:\Users\smori\OneDrive\ドキュメント\202402TEST\FirstCPPApp\sff8636.cpp">
      <Filter>Source Files</Filter>
    </ClCompile>
    <ClCompile Include="MyForm.cpp">
      <Filter>Source Files</Filter>
    </ClCompile>
    <ClCompile Include="MyForm1.cpp">
      <Filter>Source Files</Filter>
    </ClCompile>
  </ItemGroup>
  <ItemGroup>
    <ClInclude Include="MainForm.h">
      <Filter>Header Files</Filter>
    </ClInclude>
    <ClInclude Include="C:\Users\smori\OneDrive\ドキュメント\202402TEST\FirstCPPApp\CH341.h">
      <Filter>Header Files</Filter>
    </ClInclude>
    <ClInclude Include="C:\Users\smori\OneDrive\ドキュメント\202402TEST\FirstCPPApp\CH341DLL_EN.H">
      <Filter>Header Files</Filter>
    </ClInclude>
    <ClInclude Include="C:\Users\smori\OneDrive\ドキュメント\202402TEST\FirstCPPApp\CMIS52.h">
      <Filter>Header Files</Filter>
    </ClInclude>
    <ClInclude Include="C:\Users\smori\OneDrive\ドキュメント\202402TEST\FirstCPPApp\sff_common.h">
      <Filter>Header Files</Filter>
    </ClInclude>
    <ClInclude Include="C:\Users\smori\OneDrive\ドキュメント\202402TEST\FirstCPPApp\SFF8024.h">
      <Filter>Header Files</Filter>
    </ClInclude>
    <ClInclude Include="C:\Users\smori\OneDrive\ドキュメント\202402TEST\FirstCPPApp\SFF8472.h">
      <Filter>Header Files</Filter>
    </ClInclude>
    <ClInclude Include="C:\Users\smori\OneDrive\ドキュメント\202402TEST\FirstCPPApp\sff8636.h">
      <Filter>Header Files</Filter>
    </ClInclude>
    <ClInclude Include="I2CForm.h">
      <Filter>Header Files</Filter>
    </ClInclude>
    <ClInclude Include="DDMForm.h">
      <Filter>Header Files</Filter>
    </ClInclude>
  </ItemGroup>
  <ItemGroup>
    <Library Include="C:\Users\smori\OneDrive\ドキュメント\202402TEST\FirstCPPApp\CH341DLLA64.LIB" />
  </ItemGroup>
  <ItemGroup>
    <None Include="C:\Users\smori\OneDrive\ドキュメント\202402TEST\FirstCPPApp\CH341DLLA64.DLL" />
  </ItemGroup>
</Project>